
Microsoft Visual Studio Solution File, Format Version 12.00
# Visual Studio Version 17
VisualStudioVersion = 17.9.34728.123
MinimumVisualStudioVersion = 10.0.40219.1
Project("{FAE04EC0-301F-11D3-BF4B-00C04F79EFBC}") = "CoreTest.Interfaces", "src\CoreTest.Interfaces\CoreTest.Interfaces.csproj", "{6546F974-667F-49BF-A9CC-51C5CA3164FB}"
EndProject
Project("{FAE04EC0-301F-11D3-BF4B-00C04F79EFBC}") = "CoreTest.Models", "src\CoreTest.Models\CoreTest.Models.csproj", "{74969D01-F4D1-45B4-B4DC-2C8703217D0D}"
EndProject
Project("{FAE04EC0-301F-11D3-BF4B-00C04F79EFBC}") = "CoreTest.Cores", "src\CoreTest.Cores\CoreTest.Cores.csproj", "{5ACC22A3-C6AD-4579-82E5-A00910EE066A}"
EndProject
Project("{FAE04EC0-301F-11D3-BF4B-00C04F79EFBC}") = "CoreTest.API.India", "src\CoreTest.API.India\CoreTest.API.India.csproj", "{1DA3D5FA-D3D9-42E9-947E-6F52468C99C8}"
EndProject
Project("{FAE04EC0-301F-11D3-BF4B-00C04F79EFBC}") = "CoreTest.API.Pakistan", "src\CoreTest.API.Pakistan\CoreTest.API.Pakistan.csproj", "{7421200A-65E3-49CE-9E2A-7D0CB1DF9627}"
EndProject
Project("{FAE04EC0-301F-11D3-BF4B-00C04F79EFBC}") = "CoreTest.Models.Pakistan", "src\CoreTest.Models.Pakistan\CoreTest.Models.Pakistan.csproj", "{765B3DB4-6131-4FBC-9E00-17B6A974E452}"
EndProject
Project("{2150E333-8FDC-42A3-9474-1A3956D46DE8}") = "Models", "Models", "{E88F75D6-074E-44FE-8FEF-A2997E0B1CCF}"
EndProject
Project("{FAE04EC0-301F-11D3-BF4B-00C04F79EFBC}") = "CoreTest.Models.India", "src\CoreTest.Models.India\CoreTest.Models.India.csproj", "{F45156C7-3990-4282-B28A-3A337954AAAC}"
EndProject
Project("{2150E333-8FDC-42A3-9474-1A3956D46DE8}") = "API", "API", "{97FD62E9-1C0B-4450-B2DD-7EA1CD52F575}"
EndProject
Project("{FAE04EC0-301F-11D3-BF4B-00C04F79EFBC}") = "CoreTest.JsonConverters.India", "src\CoreTest.JsonConverters.India\CoreTest.JsonConverters.India.csproj", "{38569C4C-6782-46D5-AAD3-A221AFCEDA02}"
EndProject
Project("{FAE04EC0-301F-11D3-BF4B-00C04F79EFBC}") = "CoreTest.JsonConverters.Pakistan", "src\CoreTest.JsonConverters.Pakistan\CoreTest.JsonConverters.Pakistan.csproj", "{4FB02AC9-9999-43A6-95CD-C617747D372C}"
EndProject
Project("{2150E333-8FDC-42A3-9474-1A3956D46DE8}") = "JsonConverters", "JsonConverters", "{3803A4C6-5441-4F43-8AC7-B3D8C796AECD}"
EndProject
Project("{2150E333-8FDC-42A3-9474-1A3956D46DE8}") = "Data", "Data", "{E9F146C6-9157-4F64-9445-D4A6579454B6}"
EndProject
Project("{FAE04EC0-301F-11D3-BF4B-00C04F79EFBC}") = "CoreTest.Data.India", "src\CoreTest.Data.India\CoreTest.Data.India.csproj", "{D3DCA215-F48A-4AD6-B0E2-0CBE478452CE}"
EndProject
Project("{FAE04EC0-301F-11D3-BF4B-00C04F79EFBC}") = "CoreTest.Data.Pakistan", "src\CoreTest.Data.Pakistan\CoreTest.Data.Pakistan.csproj", "{1AE46A03-9932-4C00-BCA0-EEBE6698596F}"
EndProject
Project("{2150E333-8FDC-42A3-9474-1A3956D46DE8}") = "Cores", "Cores", "{B9427594-17C7-49AA-B0C0-EFDF62C4D424}"
EndProject
Project("{FAE04EC0-301F-11D3-BF4B-00C04F79EFBC}") = "CoreTest.Cores.India", "src\CoreTest.Cores.India\CoreTest.Cores.India.csproj", "{11CE20F7-A9DC-4827-AE44-123994DFAD18}"
EndProject
Project("{FAE04EC0-301F-11D3-BF4B-00C04F79EFBC}") = "CoreTest.Cores.Pakistan", "src\CoreTest.Cores.Pakistan\CoreTest.Cores.Pakistan.csproj", "{B7B99139-CB6C-4DE4-AA65-BBD658156161}"
EndProject
Global
	GlobalSection(SolutionConfigurationPlatforms) = preSolution
		Debug|Any CPU = Debug|Any CPU
		Release|Any CPU = Release|Any CPU
	EndGlobalSection
	GlobalSection(ProjectConfigurationPlatforms) = postSolution
		{6546F974-667F-49BF-A9CC-51C5CA3164FB}.Debug|Any CPU.ActiveCfg = Debug|Any CPU
		{6546F974-667F-49BF-A9CC-51C5CA3164FB}.Debug|Any CPU.Build.0 = Debug|Any CPU
		{6546F974-667F-49BF-A9CC-51C5CA3164FB}.Release|Any CPU.ActiveCfg = Release|Any CPU
		{6546F974-667F-49BF-A9CC-51C5CA3164FB}.Release|Any CPU.Build.0 = Release|Any CPU
		{74969D01-F4D1-45B4-B4DC-2C8703217D0D}.Debug|Any CPU.ActiveCfg = Debug|Any CPU
		{74969D01-F4D1-45B4-B4DC-2C8703217D0D}.Debug|Any CPU.Build.0 = Debug|Any CPU
		{74969D01-F4D1-45B4-B4DC-2C8703217D0D}.Release|Any CPU.ActiveCfg = Release|Any CPU
		{74969D01-F4D1-45B4-B4DC-2C8703217D0D}.Release|Any CPU.Build.0 = Release|Any CPU
		{5ACC22A3-C6AD-4579-82E5-A00910EE066A}.Debug|Any CPU.ActiveCfg = Debug|Any CPU
		{5ACC22A3-C6AD-4579-82E5-A00910EE066A}.Debug|Any CPU.Build.0 = Debug|Any CPU
		{5ACC22A3-C6AD-4579-82E5-A00910EE066A}.Release|Any CPU.ActiveCfg = Release|Any CPU
		{5ACC22A3-C6AD-4579-82E5-A00910EE066A}.Release|Any CPU.Build.0 = Release|Any CPU
		{1DA3D5FA-D3D9-42E9-947E-6F52468C99C8}.Debug|Any CPU.ActiveCfg = Debug|Any CPU
		{1DA3D5FA-D3D9-42E9-947E-6F52468C99C8}.Debug|Any CPU.Build.0 = Debug|Any CPU
		{1DA3D5FA-D3D9-42E9-947E-6F52468C99C8}.Release|Any CPU.ActiveCfg = Release|Any CPU
		{1DA3D5FA-D3D9-42E9-947E-6F52468C99C8}.Release|Any CPU.Build.0 = Release|Any CPU
		{7421200A-65E3-49CE-9E2A-7D0CB1DF9627}.Debug|Any CPU.ActiveCfg = Debug|Any CPU
		{7421200A-65E3-49CE-9E2A-7D0CB1DF9627}.Debug|Any CPU.Build.0 = Debug|Any CPU
		{7421200A-65E3-49CE-9E2A-7D0CB1DF9627}.Release|Any CPU.ActiveCfg = Release|Any CPU
		{7421200A-65E3-49CE-9E2A-7D0CB1DF9627}.Release|Any CPU.Build.0 = Release|Any CPU
		{765B3DB4-6131-4FBC-9E00-17B6A974E452}.Debug|Any CPU.ActiveCfg = Debug|Any CPU
		{765B3DB4-6131-4FBC-9E00-17B6A974E452}.Debug|Any CPU.Build.0 = Debug|Any CPU
		{765B3DB4-6131-4FBC-9E00-17B6A974E452}.Release|Any CPU.ActiveCfg = Release|Any CPU
		{765B3DB4-6131-4FBC-9E00-17B6A974E452}.Release|Any CPU.Build.0 = Release|Any CPU
		{F45156C7-3990-4282-B28A-3A337954AAAC}.Debug|Any CPU.ActiveCfg = Debug|Any CPU
		{F45156C7-3990-4282-B28A-3A337954AAAC}.Debug|Any CPU.Build.0 = Debug|Any CPU
		{F45156C7-3990-4282-B28A-3A337954AAAC}.Release|Any CPU.ActiveCfg = Release|Any CPU
		{F45156C7-3990-4282-B28A-3A337954AAAC}.Release|Any CPU.Build.0 = Release|Any CPU
		{38569C4C-6782-46D5-AAD3-A221AFCEDA02}.Debug|Any CPU.ActiveCfg = Debug|Any CPU
		{38569C4C-6782-46D5-AAD3-A221AFCEDA02}.Debug|Any CPU.Build.0 = Debug|Any CPU
		{38569C4C-6782-46D5-AAD3-A221AFCEDA02}.Release|Any CPU.ActiveCfg = Release|Any CPU
		{38569C4C-6782-46D5-AAD3-A221AFCEDA02}.Release|Any CPU.Build.0 = Release|Any CPU
		{4FB02AC9-9999-43A6-95CD-C617747D372C}.Debug|Any CPU.ActiveCfg = Debug|Any CPU
		{4FB02AC9-9999-43A6-95CD-C617747D372C}.Debug|Any CPU.Build.0 = Debug|Any CPU
		{4FB02AC9-9999-43A6-95CD-C617747D372C}.Release|Any CPU.ActiveCfg = Release|Any CPU
		{4FB02AC9-9999-43A6-95CD-C617747D372C}.Release|Any CPU.Build.0 = Release|Any CPU
		{D3DCA215-F48A-4AD6-B0E2-0CBE478452CE}.Debug|Any CPU.ActiveCfg = Debug|Any CPU
		{D3DCA215-F48A-4AD6-B0E2-0CBE478452CE}.Debug|Any CPU.Build.0 = Debug|Any CPU
		{D3DCA215-F48A-4AD6-B0E2-0CBE478452CE}.Release|Any CPU.ActiveCfg = Release|Any CPU
		{D3DCA215-F48A-4AD6-B0E2-0CBE478452CE}.Release|Any CPU.Build.0 = Release|Any CPU
		{1AE46A03-9932-4C00-BCA0-EEBE6698596F}.Debug|Any CPU.ActiveCfg = Debug|Any CPU
		{1AE46A03-9932-4C00-BCA0-EEBE6698596F}.Debug|Any CPU.Build.0 = Debug|Any CPU
		{1AE46A03-9932-4C00-BCA0-EEBE6698596F}.Release|Any CPU.ActiveCfg = Release|Any CPU
		{1AE46A03-9932-4C00-BCA0-EEBE6698596F}.Release|Any CPU.Build.0 = Release|Any CPU
		{11CE20F7-A9DC-4827-AE44-123994DFAD18}.Debug|Any CPU.ActiveCfg = Debug|Any CPU
		{11CE20F7-A9DC-4827-AE44-123994DFAD18}.Debug|Any CPU.Build.0 = Debug|Any CPU
		{11CE20F7-A9DC-4827-AE44-123994DFAD18}.Release|Any CPU.ActiveCfg = Release|Any CPU
		{11CE20F7-A9DC-4827-AE44-123994DFAD18}.Release|Any CPU.Build.0 = Release|Any CPU
		{B7B99139-CB6C-4DE4-AA65-BBD658156161}.Debug|Any CPU.ActiveCfg = Debug|Any CPU
		{B7B99139-CB6C-4DE4-AA65-BBD658156161}.Debug|Any CPU.Build.0 = Debug|Any CPU
		{B7B99139-CB6C-4DE4-AA65-BBD658156161}.Release|Any CPU.ActiveCfg = Release|Any CPU
		{B7B99139-CB6C-4DE4-AA65-BBD658156161}.Release|Any CPU.Build.0 = Release|Any CPU
	EndGlobalSection
	GlobalSection(SolutionProperties) = preSolution
		HideSolutionNode = FALSE
	EndGlobalSection
	GlobalSection(NestedProjects) = preSolution
		{74969D01-F4D1-45B4-B4DC-2C8703217D0D} = {E88F75D6-074E-44FE-8FEF-A2997E0B1CCF}
		{5ACC22A3-C6AD-4579-82E5-A00910EE066A} = {B9427594-17C7-49AA-B0C0-EFDF62C4D424}
		{1DA3D5FA-D3D9-42E9-947E-6F52468C99C8} = {97FD62E9-1C0B-4450-B2DD-7EA1CD52F575}
		{7421200A-65E3-49CE-9E2A-7D0CB1DF9627} = {97FD62E9-1C0B-4450-B2DD-7EA1CD52F575}
		{765B3DB4-6131-4FBC-9E00-17B6A974E452} = {E88F75D6-074E-44FE-8FEF-A2997E0B1CCF}
		{F45156C7-3990-4282-B28A-3A337954AAAC} = {E88F75D6-074E-44FE-8FEF-A2997E0B1CCF}
		{38569C4C-6782-46D5-AAD3-A221AFCEDA02} = {3803A4C6-5441-4F43-8AC7-B3D8C796AECD}
		{4FB02AC9-9999-43A6-95CD-C617747D372C} = {3803A4C6-5441-4F43-8AC7-B3D8C796AECD}
		{D3DCA215-F48A-4AD6-B0E2-0CBE478452CE} = {E9F146C6-9157-4F64-9445-D4A6579454B6}
		{1AE46A03-9932-4C00-BCA0-EEBE6698596F} = {E9F146C6-9157-4F64-9445-D4A6579454B6}
		{11CE20F7-A9DC-4827-AE44-123994DFAD18} = {B9427594-17C7-49AA-B0C0-EFDF62C4D424}
		{B7B99139-CB6C-4DE4-AA65-BBD658156161} = {B9427594-17C7-49AA-B0C0-EFDF62C4D424}
	EndGlobalSection
	GlobalSection(ExtensibilityGlobals) = postSolution
		SolutionGuid = {998B284D-9057-4E09-8C46-49A61DF71847}
	EndGlobalSection
EndGlobal
